
Microsoft Visual Studio Solution File, Format Version 12.00
# Visual Studio Version 16
VisualStudioVersion = 25.0.1706.9
MinimumVisualStudioVersion = 10.0.40219.1
Project("{FAE04EC0-301F-11D3-BF4B-00C04F79EFBC}") = "Övning3", "Övning3\Övning3.csproj", "{40E79C4A-685B-4D02-9EB4-09100887A03A}"
EndProject
Project("{FAE04EC0-301F-11D3-BF4B-00C04F79EFBC}") = "Polymorfism", "Polymorfism\Polymorfism.csproj", "{D1399D72-69EE-40CB-B8B2-A236A238CEA7}"
EndProject
Global
	GlobalSection(SolutionConfigurationPlatforms) = preSolution
		Debug|Any CPU = Debug|Any CPU
		Release|Any CPU = Release|Any CPU
	EndGlobalSection
	GlobalSection(ProjectConfigurationPlatforms) = postSolution
		{40E79C4A-685B-4D02-9EB4-09100887A03A}.Debug|Any CPU.ActiveCfg = Debug|Any CPU
		{40E79C4A-685B-4D02-9EB4-09100887A03A}.Debug|Any CPU.Build.0 = Debug|Any CPU
		{40E79C4A-685B-4D02-9EB4-09100887A03A}.Release|Any CPU.ActiveCfg = Release|Any CPU
		{40E79C4A-685B-4D02-9EB4-09100887A03A}.Release|Any CPU.Build.0 = Release|Any CPU
		{D1399D72-69EE-40CB-B8B2-A236A238CEA7}.Debug|Any CPU.ActiveCfg = Debug|Any CPU
		{D1399D72-69EE-40CB-B8B2-A236A238CEA7}.Debug|Any CPU.Build.0 = Debug|Any CPU
		{D1399D72-69EE-40CB-B8B2-A236A238CEA7}.Release|Any CPU.ActiveCfg = Release|Any CPU
		{D1399D72-69EE-40CB-B8B2-A236A238CEA7}.Release|Any CPU.Build.0 = Release|Any CPU
	EndGlobalSection
	GlobalSection(SolutionProperties) = preSolution
		HideSolutionNode = FALSE
	EndGlobalSection
	GlobalSection(ExtensibilityGlobals) = postSolution
		SolutionGuid = {C7D71CD3-C754-47A5-AC74-9679BF94DBB6}
	EndGlobalSection
EndGlobal
